<?xml version="1.0" encoding="utf-8"?>
<Project ToolsVersion="4.0" xmlns="http://schemas.microsoft.com/developer/msbuild/2003">
  <ItemGroup>
    <Filter Include="源文件">
      <UniqueIdentifier>{4FC737F1-C7A5-4376-A066-2A32D752A2FF}</UniqueIdentifier>
      <Extensions>cpp;c;cc;cxx;c++;cppm;ixx;def;odl;idl;hpj;bat;asm;asmx</Extensions>
    </Filter>
    <Filter Include="头文件">
      <UniqueIdentifier>{93995380-89BD-4b04-88EB-625FBE52EBFB}</UniqueIdentifier>
      <Extensions>h;hh;hpp;hxx;h++;hm;inl;inc;ipp;xsd</Extensions>
    </Filter>
    <Filter Include="资源文件">
      <UniqueIdentifier>{67DA6AB6-F800-4c08-8B7A-83BB121AAD01}</UniqueIdentifier>
      <Extensions>rc;ico;cur;bmp;dlg;rc2;rct;bin;rgs;gif;jpg;jpeg;jpe;resx;tiff;tif;png;wav;mfcribbon-ms</Extensions>
    </Filter>
  </ItemGroup>
  <ItemGroup>
    <ClCompile Include="Blinn-Phong.cpp">
      <Filter>源文件</Filter>
    </ClCompile>
    <ClCompile Include="C:\MyToolKit\glad\src\glad.c">
      <Filter>源文件</Filter>
    </ClCompile>
    <ClCompile Include="Camera.cpp">
      <Filter>源文件</Filter>
    </ClCompile>
    <ClCompile Include="Shader.cpp">
      <Filter>源文件</Filter>
    </ClCompile>
    <ClCompile Include="Player.cpp">
      <Filter>源文件</Filter>
    </ClCompile>
    <ClCompile Include="Model.cpp">
      <Filter>源文件</Filter>
    </ClCompile>
    <ClCompile Include="Mesh.cpp">
      <Filter>源文件</Filter>
    </ClCompile>
    <ClCompile Include="SceneRenderer.cpp">
      <Filter>源文件</Filter>
    </ClCompile>
    <ClCompile Include="ShadowMapping.cpp">
      <Filter>源文件</Filter>
    </ClCompile>
    <ClCompile Include="PointLightShadow.cpp">
      <Filter>源文件</Filter>
    </ClCompile>
    <ClCompile Include="Normal&amp;ParallaxMap.cpp">
      <Filter>源文件</Filter>
    </ClCompile>
    <ClCompile Include="HDR&amp;Bloom.cpp">
      <Filter>源文件</Filter>
    </ClCompile>
    <ClCompile Include="smallpt.cpp">
      <Filter>源文件</Filter>
    </ClCompile>
  </ItemGroup>
  <ItemGroup>
    <ClInclude Include="Camera.h">
      <Filter>头文件</Filter>
    </ClInclude>
    <ClInclude Include="Shader.h">
      <Filter>头文件</Filter>
    </ClInclude>
    <ClInclude Include="Player.h">
      <Filter>头文件</Filter>
    </ClInclude>
    <ClInclude Include="Model.h">
      <Filter>头文件</Filter>
    </ClInclude>
    <ClInclude Include="Mesh.h">
      <Filter>头文件</Filter>
    </ClInclude>
  </ItemGroup>
  <ItemGroup>
    <Image Include="resources\awesomeface.png">
      <Filter>资源文件</Filter>
    </Image>
    <Image Include="resources\container.jpg">
      <Filter>资源文件</Filter>
    </Image>
    <Image Include="resources\container2.png">
      <Filter>资源文件</Filter>
    </Image>
    <Image Include="resources\container2_specular.png">
      <Filter>资源文件</Filter>
    </Image>
    <Image Include="resources\wood.png">
      <Filter>资源文件</Filter>
    </Image>
    <Image Include="resources\window.png">
      <Filter>资源文件</Filter>
    </Image>
    <Image Include="resources\grass.png">
      <Filter>资源文件</Filter>
    </Image>
    <Image Include="resources\skybox\back.jpg">
      <Filter>资源文件</Filter>
    </Image>
    <Image Include="resources\skybox\bottom.jpg">
      <Filter>资源文件</Filter>
    </Image>
    <Image Include="resources\skybox\front.jpg">
      <Filter>资源文件</Filter>
    </Image>
    <Image Include="resources\skybox\left.jpg">
      <Filter>资源文件</Filter>
    </Image>
    <Image Include="resources\skybox\right.jpg">
      <Filter>资源文件</Filter>
    </Image>
    <Image Include="resources\skybox\top.jpg">
      <Filter>资源文件</Filter>
    </Image>
    <Image Include="resources\bricks2.jpg">
      <Filter>资源文件</Filter>
    </Image>
    <Image Include="resources\bricks2_disp.jpg">
      <Filter>资源文件</Filter>
    </Image>
    <Image Include="resources\bricks2_normal.jpg">
      <Filter>资源文件</Filter>
    </Image>
    <Image Include="resources\brickwall.jpg">
      <Filter>资源文件</Filter>
    </Image>
    <Image Include="resources\brickwall_normal.jpg">
      <Filter>资源文件</Filter>
    </Image>
  </ItemGroup>
  <ItemGroup>
    <None Include="lightcubeVS.glsl" />
    <None Include="lightcubeFS.glsl" />
    <None Include="modelVS.glsl" />
    <None Include="modelFS.glsl" />
    <None Include="stencilVS.glsl" />
    <None Include="stencilFS.glsl" />
    <None Include="planeVS.glsl" />
    <None Include="planeFS.glsl" />
    <None Include="screenquadVS.glsl" />
    <None Include="screenquadFS.glsl" />
    <None Include="skyboxVS.glsl" />
    <None Include="skyboxFS.glsl" />
    <None Include="modelGS.glsl" />
    <None Include="shadowMappingDepthVS.glsl" />
    <None Include="shadowMappingDepthFS.glsl" />
    <None Include="debug_quad_depthVS.glsl" />
    <None Include="debug_quad_depthFS.glsl" />
    <None Include="shadowMappingVS.glsl" />
    <None Include="shadowMappingFS.glsl" />
    <None Include="pointShadowDepthVS.glsl" />
    <None Include="pointShadowDepthGS.glsl" />
    <None Include="pointShadowDepthFS.glsl" />
    <None Include="pointShadowVS.glsl" />
    <None Include="pointShadowFS.glsl" />
    <None Include="NormalMapVS.glsl" />
    <None Include="NormalMapFS.glsl" />
    <None Include="parallaxMapVS.glsl" />
    <None Include="parallaxMapFS.glsl" />
    <None Include="hdrVS.glsl" />
    <None Include="hdrFS.glsl" />
    <None Include="lightingVS.glsl" />
    <None Include="lightingFS.glsl" />
    <None Include="bloomVS.glsl" />
    <None Include="bloomFS.glsl" />
    <None Include="bloomBrightColorFS.glsl" />
    <None Include="bloomBlurVS.glsl" />
    <None Include="bloomBlurFS.glsl" />
    <None Include="bloomBlendVS.glsl" />
    <None Include="bloomBlendFS.glsl" />
  </ItemGroup>
</Project>